
Microsoft Visual Studio Solution File, Format Version 12.00
# Visual Studio Version 17
VisualStudioVersion = 17.9.34728.123
MinimumVisualStudioVersion = 10.0.40219.1
Project("{FAE04EC0-301F-11D3-BF4B-00C04F79EFBC}") = "Empresa", "Clase Practica Nro. 8\Empresa.csproj", "{A7BB9969-B5B1-4CAA-BD13-C25973B01CF1}"
EndProject
Project("{FAE04EC0-301F-11D3-BF4B-00C04F79EFBC}") = "librosinventario", "librosinventario\librosinventario.csproj", "{F7D2840B-3B08-411D-87F9-7CB2D0E189F4}"
EndProject
Global
	GlobalSection(SolutionConfigurationPlatforms) = preSolution
		Debug|Any CPU = Debug|Any CPU
		Release|Any CPU = Release|Any CPU
	EndGlobalSection
	GlobalSection(ProjectConfigurationPlatforms) = postSolution
		{A7BB9969-B5B1-4CAA-BD13-C25973B01CF1}.Debug|Any CPU.ActiveCfg = Debug|Any CPU
		{A7BB9969-B5B1-4CAA-BD13-C25973B01CF1}.Debug|Any CPU.Build.0 = Debug|Any CPU
		{A7BB9969-B5B1-4CAA-BD13-C25973B01CF1}.Release|Any CPU.ActiveCfg = Release|Any CPU
		{A7BB9969-B5B1-4CAA-BD13-C25973B01CF1}.Release|Any CPU.Build.0 = Release|Any CPU
		{F7D2840B-3B08-411D-87F9-7CB2D0E189F4}.Debug|Any CPU.ActiveCfg = Debug|Any CPU
		{F7D2840B-3B08-411D-87F9-7CB2D0E189F4}.Debug|Any CPU.Build.0 = Debug|Any CPU
		{F7D2840B-3B08-411D-87F9-7CB2D0E189F4}.Release|Any CPU.ActiveCfg = Release|Any CPU
		{F7D2840B-3B08-411D-87F9-7CB2D0E189F4}.Release|Any CPU.Build.0 = Release|Any CPU
	EndGlobalSection
	GlobalSection(SolutionProperties) = preSolution
		HideSolutionNode = FALSE
	EndGlobalSection
	GlobalSection(ExtensibilityGlobals) = postSolution
		SolutionGuid = {E56A85D9-BCE9-4557-9F5C-A7A71F426E81}
	EndGlobalSection
EndGlobal
